
Microsoft Visual Studio Solution File, Format Version 12.00
# Visual Studio Version 16
VisualStudioVersion = 16.0.30225.117
MinimumVisualStudioVersion = 10.0.40219.1
Project("{FAE04EC0-301F-11D3-BF4B-00C04F79EFBC}") = "BLL", "BLL\BLL.csproj", "{93CAE811-5A45-41EB-9996-08C3ED321B39}"
EndProject
Project("{FAE04EC0-301F-11D3-BF4B-00C04F79EFBC}") = "DAL", "DAL\DAL.csproj", "{26C0808D-9A33-454A-908A-F4EDAB171715}"
EndProject
Project("{FAE04EC0-301F-11D3-BF4B-00C04F79EFBC}") = "Common", "Common\Common.csproj", "{B8E8688E-3EDE-4EC3-8597-2CE8DE931482}"
EndProject
Project("{FAE04EC0-301F-11D3-BF4B-00C04F79EFBC}") = "API", "API\API.csproj", "{72BB1011-BE21-4ACE-A993-F1830AC958B8}"
EndProject
Project("{FAE04EC0-301F-11D3-BF4B-00C04F79EFBC}") = "Web", "Web\Web.csproj", "{16F2522C-084F-4635-BA5C-F5D952F78B61}"
EndProject
Global
	GlobalSection(SolutionConfigurationPlatforms) = preSolution
		Debug|Any CPU = Debug|Any CPU
		Release|Any CPU = Release|Any CPU
	EndGlobalSection
	GlobalSection(ProjectConfigurationPlatforms) = postSolution
		{93CAE811-5A45-41EB-9996-08C3ED321B39}.Debug|Any CPU.ActiveCfg = Debug|Any CPU
		{93CAE811-5A45-41EB-9996-08C3ED321B39}.Debug|Any CPU.Build.0 = Debug|Any CPU
		{93CAE811-5A45-41EB-9996-08C3ED321B39}.Release|Any CPU.ActiveCfg = Release|Any CPU
		{93CAE811-5A45-41EB-9996-08C3ED321B39}.Release|Any CPU.Build.0 = Release|Any CPU
		{26C0808D-9A33-454A-908A-F4EDAB171715}.Debug|Any CPU.ActiveCfg = Debug|Any CPU
		{26C0808D-9A33-454A-908A-F4EDAB171715}.Debug|Any CPU.Build.0 = Debug|Any CPU
		{26C0808D-9A33-454A-908A-F4EDAB171715}.Release|Any CPU.ActiveCfg = Release|Any CPU
		{26C0808D-9A33-454A-908A-F4EDAB171715}.Release|Any CPU.Build.0 = Release|Any CPU
		{B8E8688E-3EDE-4EC3-8597-2CE8DE931482}.Debug|Any CPU.ActiveCfg = Debug|Any CPU
		{B8E8688E-3EDE-4EC3-8597-2CE8DE931482}.Debug|Any CPU.Build.0 = Debug|Any CPU
		{B8E8688E-3EDE-4EC3-8597-2CE8DE931482}.Release|Any CPU.ActiveCfg = Release|Any CPU
		{B8E8688E-3EDE-4EC3-8597-2CE8DE931482}.Release|Any CPU.Build.0 = Release|Any CPU
		{72BB1011-BE21-4ACE-A993-F1830AC958B8}.Debug|Any CPU.ActiveCfg = Debug|Any CPU
		{72BB1011-BE21-4ACE-A993-F1830AC958B8}.Debug|Any CPU.Build.0 = Debug|Any CPU
		{72BB1011-BE21-4ACE-A993-F1830AC958B8}.Release|Any CPU.ActiveCfg = Release|Any CPU
		{72BB1011-BE21-4ACE-A993-F1830AC958B8}.Release|Any CPU.Build.0 = Release|Any CPU
		{16F2522C-084F-4635-BA5C-F5D952F78B61}.Debug|Any CPU.ActiveCfg = Debug|Any CPU
		{16F2522C-084F-4635-BA5C-F5D952F78B61}.Debug|Any CPU.Build.0 = Debug|Any CPU
		{16F2522C-084F-4635-BA5C-F5D952F78B61}.Release|Any CPU.ActiveCfg = Release|Any CPU
		{16F2522C-084F-4635-BA5C-F5D952F78B61}.Release|Any CPU.Build.0 = Release|Any CPU
	EndGlobalSection
	GlobalSection(SolutionProperties) = preSolution
		HideSolutionNode = FALSE
	EndGlobalSection
	GlobalSection(ExtensibilityGlobals) = postSolution
		SolutionGuid = {126402B9-3F9B-40CC-A1F7-CED0A9D9A24B}
	EndGlobalSection
EndGlobal
